
Microsoft Visual Studio Solution File, Format Version 12.00
# Visual Studio Version 17
VisualStudioVersion = 17.8.34309.116
MinimumVisualStudioVersion = 10.0.40219.1
Project("{9A19103F-16F7-4668-BE54-9A1E7A4F7556}") = "WebApplication1", "WebApplication1\WebApplication1.csproj", "{9BB352B3-1A73-4513-9ED4-27412DC4B358}"
EndProject
Project("{2150E333-8FDC-42A3-9474-1A3956D46DE8}") = "Solution Items", "Solution Items", "{341991E6-A73B-42A4-85BD-74558B63C6BA}"
	ProjectSection(SolutionItems) = preProject
		readme.md = readme.md
	EndProjectSection
EndProject
Global
	GlobalSection(SolutionConfigurationPlatforms) = preSolution
		Debug|Any CPU = Debug|Any CPU
		Release|Any CPU = Release|Any CPU
	EndGlobalSection
	GlobalSection(ProjectConfigurationPlatforms) = postSolution
		{9BB352B3-1A73-4513-9ED4-27412DC4B358}.Debug|Any CPU.ActiveCfg = Debug|Any CPU
		{9BB352B3-1A73-4513-9ED4-27412DC4B358}.Debug|Any CPU.Build.0 = Debug|Any CPU
		{9BB352B3-1A73-4513-9ED4-27412DC4B358}.Release|Any CPU.ActiveCfg = Release|Any CPU
		{9BB352B3-1A73-4513-9ED4-27412DC4B358}.Release|Any CPU.Build.0 = Release|Any CPU
	EndGlobalSection
	GlobalSection(SolutionProperties) = preSolution
		HideSolutionNode = FALSE
	EndGlobalSection
	GlobalSection(ExtensibilityGlobals) = postSolution
		SolutionGuid = {95161658-909E-4C83-AE50-310F2397FC7B}
	EndGlobalSection
EndGlobal
